
Microsoft Visual Studio Solution File, Format Version 12.00
# Visual Studio Version 17
VisualStudioVersion = 17.0.31611.283
MinimumVisualStudioVersion = 10.0.40219.1
Project("{9A19103F-16F7-4668-BE54-9A1E7A4F7556}") = "Workflower.Logic", "Workflower.Logic\Workflower.Logic.csproj", "{10EF2D97-0277-4A99-A0D4-4BCEDA27B554}"
EndProject
Project("{2150E333-8FDC-42A3-9474-1A3956D46DE8}") = "SolutionItems", "SolutionItems", "{210AF6BB-B1EC-480B-968D-DAD99D5DC12D}"
	ProjectSection(SolutionItems) = preProject
		azure-pipelines.yml = azure-pipelines.yml
	EndProjectSection
EndProject
Project("{FAE04EC0-301F-11D3-BF4B-00C04F79EFBC}") = "Workflower.App.Wpf", "Workflower.App.Wpf\Workflower.App.Wpf.csproj", "{9F126655-5116-4C95-9BD7-3502B066418E}"
EndProject
Global
	GlobalSection(SolutionConfigurationPlatforms) = preSolution
		Debug|Any CPU = Debug|Any CPU
		Release|Any CPU = Release|Any CPU
	EndGlobalSection
	GlobalSection(ProjectConfigurationPlatforms) = postSolution
		{58F69244-C05F-4D83-BECC-525BCAED000B}.Debug|Any CPU.ActiveCfg = Debug|Any CPU
		{58F69244-C05F-4D83-BECC-525BCAED000B}.Debug|Any CPU.Build.0 = Debug|Any CPU
		{58F69244-C05F-4D83-BECC-525BCAED000B}.Debug|Any CPU.Deploy.0 = Debug|Any CPU
		{58F69244-C05F-4D83-BECC-525BCAED000B}.Release|Any CPU.ActiveCfg = Release|Any CPU
		{58F69244-C05F-4D83-BECC-525BCAED000B}.Release|Any CPU.Build.0 = Release|Any CPU
		{58F69244-C05F-4D83-BECC-525BCAED000B}.Release|Any CPU.Deploy.0 = Release|Any CPU
		{10EF2D97-0277-4A99-A0D4-4BCEDA27B554}.Debug|Any CPU.ActiveCfg = Debug|Any CPU
		{10EF2D97-0277-4A99-A0D4-4BCEDA27B554}.Debug|Any CPU.Build.0 = Debug|Any CPU
		{10EF2D97-0277-4A99-A0D4-4BCEDA27B554}.Release|Any CPU.ActiveCfg = Release|Any CPU
		{10EF2D97-0277-4A99-A0D4-4BCEDA27B554}.Release|Any CPU.Build.0 = Release|Any CPU
		{9F126655-5116-4C95-9BD7-3502B066418E}.Debug|Any CPU.ActiveCfg = Debug|Any CPU
		{9F126655-5116-4C95-9BD7-3502B066418E}.Debug|Any CPU.Build.0 = Debug|Any CPU
		{9F126655-5116-4C95-9BD7-3502B066418E}.Release|Any CPU.ActiveCfg = Release|Any CPU
		{9F126655-5116-4C95-9BD7-3502B066418E}.Release|Any CPU.Build.0 = Release|Any CPU
	EndGlobalSection
	GlobalSection(SolutionProperties) = preSolution
		HideSolutionNode = FALSE
	EndGlobalSection
	GlobalSection(ExtensibilityGlobals) = postSolution
		SolutionGuid = {61F7FB11-1E47-470C-91E2-47F8143E1572}
	EndGlobalSection
EndGlobal
